
Microsoft Visual Studio Solution File, Format Version 12.00
# Visual Studio Version 16
VisualStudioVersion = 16.0.30804.86
MinimumVisualStudioVersion = 10.0.40219.1
Project("{FAE04EC0-301F-11D3-BF4B-00C04F79EFBC}") = "RemoteControl", "RemoteControl\RemoteControl.csproj", "{86428E99-15BC-466F-85F9-ACF7F6F0923B}"
EndProject
Project("{FAE04EC0-301F-11D3-BF4B-00C04F79EFBC}") = "RemoteClient", "RemoteClient\RemoteClient.csproj", "{84C200AB-F765-49A9-8D19-9EE734246660}"
EndProject
Global
	GlobalSection(SolutionConfigurationPlatforms) = preSolution
		Debug|Any CPU = Debug|Any CPU
		Release|Any CPU = Release|Any CPU
	EndGlobalSection
	GlobalSection(ProjectConfigurationPlatforms) = postSolution
		{86428E99-15BC-466F-85F9-ACF7F6F0923B}.Debug|Any CPU.ActiveCfg = Debug|Any CPU
		{86428E99-15BC-466F-85F9-ACF7F6F0923B}.Debug|Any CPU.Build.0 = Debug|Any CPU
		{86428E99-15BC-466F-85F9-ACF7F6F0923B}.Release|Any CPU.ActiveCfg = Release|Any CPU
		{86428E99-15BC-466F-85F9-ACF7F6F0923B}.Release|Any CPU.Build.0 = Release|Any CPU
		{84C200AB-F765-49A9-8D19-9EE734246660}.Debug|Any CPU.ActiveCfg = Debug|Any CPU
		{84C200AB-F765-49A9-8D19-9EE734246660}.Debug|Any CPU.Build.0 = Debug|Any CPU
		{84C200AB-F765-49A9-8D19-9EE734246660}.Release|Any CPU.ActiveCfg = Release|Any CPU
		{84C200AB-F765-49A9-8D19-9EE734246660}.Release|Any CPU.Build.0 = Release|Any CPU
	EndGlobalSection
	GlobalSection(SolutionProperties) = preSolution
		HideSolutionNode = FALSE
	EndGlobalSection
	GlobalSection(ExtensibilityGlobals) = postSolution
		SolutionGuid = {2BDD8E14-D799-4A09-8CB2-87AD9A391BD5}
	EndGlobalSection
EndGlobal
